
Microsoft Visual Studio Solution File, Format Version 12.00
# Visual Studio Version 16
VisualStudioVersion = 16.0.32510.428
MinimumVisualStudioVersion = 10.0.40219.1
Project("{FAE04EC0-301F-11D3-BF4B-00C04F79EFBC}") = "RAZOR_APP", "RAZOR_APP.csproj", "{D6EBFDDA-E1A2-47AD-9F59-D9510D0A841B}"
EndProject
Global
	GlobalSection(SolutionConfigurationPlatforms) = preSolution
		Debug|Any CPU = Debug|Any CPU
		Release|Any CPU = Release|Any CPU
	EndGlobalSection
	GlobalSection(ProjectConfigurationPlatforms) = postSolution
		{D6EBFDDA-E1A2-47AD-9F59-D9510D0A841B}.Debug|Any CPU.ActiveCfg = Debug|Any CPU
		{D6EBFDDA-E1A2-47AD-9F59-D9510D0A841B}.Debug|Any CPU.Build.0 = Debug|Any CPU
		{D6EBFDDA-E1A2-47AD-9F59-D9510D0A841B}.Release|Any CPU.ActiveCfg = Release|Any CPU
		{D6EBFDDA-E1A2-47AD-9F59-D9510D0A841B}.Release|Any CPU.Build.0 = Release|Any CPU
	EndGlobalSection
	GlobalSection(SolutionProperties) = preSolution
		HideSolutionNode = FALSE
	EndGlobalSection
	GlobalSection(ExtensibilityGlobals) = postSolution
		SolutionGuid = {28E3267D-75FE-4DDF-B29E-A63056057AC6}
	EndGlobalSection
EndGlobal
